
Microsoft Visual Studio Solution File, Format Version 12.00
# Visual Studio 2013
VisualStudioVersion = 12.0.30626.0
MinimumVisualStudioVersion = 10.0.40219.1
Project("{FAE04EC0-301F-11D3-BF4B-00C04F79EFBC}") = "ToasterDrill", "ToasterDrill\ToasterDrill.csproj", "{4956B661-8236-4F98-898B-63D104C20641}"
EndProject
Global
	GlobalSection(SolutionConfigurationPlatforms) = preSolution
		Debug|Any CPU = Debug|Any CPU
		Release|Any CPU = Release|Any CPU
	EndGlobalSection
	GlobalSection(ProjectConfigurationPlatforms) = postSolution
		{4956B661-8236-4F98-898B-63D104C20641}.Debug|Any CPU.ActiveCfg = Debug|Any CPU
		{4956B661-8236-4F98-898B-63D104C20641}.Debug|Any CPU.Build.0 = Debug|Any CPU
		{4956B661-8236-4F98-898B-63D104C20641}.Release|Any CPU.ActiveCfg = Release|Any CPU
		{4956B661-8236-4F98-898B-63D104C20641}.Release|Any CPU.Build.0 = Release|Any CPU
	EndGlobalSection
	GlobalSection(SolutionProperties) = preSolution
		HideSolutionNode = FALSE
	EndGlobalSection
EndGlobal
